Microsoft Visual Studio Solution File, Format Version 12.00
# Visual Studio Version 17
VisualStudioVersion = 17.5.2.0
MinimumVisualStudioVersion = 10.0.40219.1
Project("{2150E333-8FDC-42A3-9474-1A3956D46DE8}") = "Backend", "Backend", "{1AE8ACA6-933B-BF2A-3671-3E2EAC007D16}"
EndProject
Project("{FAE04EC0-301F-11D3-BF4B-00C04F79EFBC}") = "HotelManagement", "Backend\HotelManagement.csproj", "{32273A63-F07B-937C-B0A1-E76AE89B77BF}"
EndProject
Global
	GlobalSection(SolutionConfigurationPlatforms) = preSolution
		Debug|Any CPU = Debug|Any CPU
		Release|Any CPU = Release|Any CPU
	EndGlobalSection
	GlobalSection(ProjectConfigurationPlatforms) = postSolution
		{32273A63-F07B-937C-B0A1-E76AE89B77BF}.Debug|Any CPU.ActiveCfg = Debug|Any CPU
		{32273A63-F07B-937C-B0A1-E76AE89B77BF}.Debug|Any CPU.Build.0 = Debug|Any CPU
		{32273A63-F07B-937C-B0A1-E76AE89B77BF}.Release|Any CPU.ActiveCfg = Release|Any CPU
		{32273A63-F07B-937C-B0A1-E76AE89B77BF}.Release|Any CPU.Build.0 = Release|Any CPU
	EndGlobalSection
	GlobalSection(SolutionProperties) = preSolution
		HideSolutionNode = FALSE
	EndGlobalSection
	GlobalSection(NestedProjects) = preSolution
		{32273A63-F07B-937C-B0A1-E76AE89B77BF} = {1AE8ACA6-933B-BF2A-3671-3E2EAC007D16}
	EndGlobalSection
	GlobalSection(ExtensibilityGlobals) = postSolution
		SolutionGuid = {94FABA7B-B582-4DAF-8B1D-893093029FEB}
	EndGlobalSection
EndGlobal
